
Microsoft Visual Studio Solution File, Format Version 12.00
# Visual Studio Version 17
VisualStudioVersion = 17.2.32616.157
MinimumVisualStudioVersion = 10.0.40219.1
Project("{9A19103F-16F7-4668-BE54-9A1E7A4F7556}") = "RestApiBlog", "RestApiBlog\RestApiBlog.csproj", "{5514DDF2-0693-4A97-89BA-D9F7D3724EF7}"
EndProject
Project("{9A19103F-16F7-4668-BE54-9A1E7A4F7556}") = "RestApiBlog.IntegrationTests", "RestApiBlog.IntegrationTests\RestApiBlog.IntegrationTests.csproj", "{246A2A77-C014-4FD9-B46B-D844A46FDF21}"
EndProject
Global
	GlobalSection(SolutionConfigurationPlatforms) = preSolution
		Debug|Any CPU = Debug|Any CPU
		Release|Any CPU = Release|Any CPU
	EndGlobalSection
	GlobalSection(ProjectConfigurationPlatforms) = postSolution
		{5514DDF2-0693-4A97-89BA-D9F7D3724EF7}.Debug|Any CPU.ActiveCfg = Debug|Any CPU
		{5514DDF2-0693-4A97-89BA-D9F7D3724EF7}.Debug|Any CPU.Build.0 = Debug|Any CPU
		{5514DDF2-0693-4A97-89BA-D9F7D3724EF7}.Release|Any CPU.ActiveCfg = Release|Any CPU
		{5514DDF2-0693-4A97-89BA-D9F7D3724EF7}.Release|Any CPU.Build.0 = Release|Any CPU
		{246A2A77-C014-4FD9-B46B-D844A46FDF21}.Debug|Any CPU.ActiveCfg = Debug|Any CPU
		{246A2A77-C014-4FD9-B46B-D844A46FDF21}.Debug|Any CPU.Build.0 = Debug|Any CPU
		{246A2A77-C014-4FD9-B46B-D844A46FDF21}.Release|Any CPU.ActiveCfg = Release|Any CPU
		{246A2A77-C014-4FD9-B46B-D844A46FDF21}.Release|Any CPU.Build.0 = Release|Any CPU
	EndGlobalSection
	GlobalSection(SolutionProperties) = preSolution
		HideSolutionNode = FALSE
	EndGlobalSection
	GlobalSection(ExtensibilityGlobals) = postSolution
		SolutionGuid = {69260CAD-8800-482A-BCD9-A37A1F88E82A}
	EndGlobalSection
EndGlobal
